
Microsoft Visual Studio Solution File, Format Version 12.00
# Visual Studio Version 17
VisualStudioVersion = 17.8.34004.107
MinimumVisualStudioVersion = 10.0.40219.1
Project("{9A19103F-16F7-4668-BE54-9A1E7A4F7556}") = "NKit.Standard", "NKit.Standard\NKit.Standard.csproj", "{D7DB37CB-2A0C-4E1C-8B03-20A092EA4D71}"
EndProject
Project("{FAE04EC0-301F-11D3-BF4B-00C04F79EFBC}") = "NKit.Windows", "NKit.Windows\NKit.Windows.csproj", "{634D7CA0-7D29-4D4A-9EEB-C79D03565A54}"
EndProject
Project("{9A19103F-16F7-4668-BE54-9A1E7A4F7556}") = "NKit.Core", "NKit.Core\NKit.Core.csproj", "{F675C316-E1E8-4701-94AE-CD18BCEEC5E3}"
EndProject
Global
	GlobalSection(SolutionConfigurationPlatforms) = preSolution
		Debug|Any CPU = Debug|Any CPU
		Release|Any CPU = Release|Any CPU
	EndGlobalSection
	GlobalSection(ProjectConfigurationPlatforms) = postSolution
		{D7DB37CB-2A0C-4E1C-8B03-20A092EA4D71}.Debug|Any CPU.ActiveCfg = Debug|Any CPU
		{D7DB37CB-2A0C-4E1C-8B03-20A092EA4D71}.Debug|Any CPU.Build.0 = Debug|Any CPU
		{D7DB37CB-2A0C-4E1C-8B03-20A092EA4D71}.Release|Any CPU.ActiveCfg = Release|Any CPU
		{D7DB37CB-2A0C-4E1C-8B03-20A092EA4D71}.Release|Any CPU.Build.0 = Release|Any CPU
		{634D7CA0-7D29-4D4A-9EEB-C79D03565A54}.Debug|Any CPU.ActiveCfg = Debug|Any CPU
		{634D7CA0-7D29-4D4A-9EEB-C79D03565A54}.Debug|Any CPU.Build.0 = Debug|Any CPU
		{634D7CA0-7D29-4D4A-9EEB-C79D03565A54}.Release|Any CPU.ActiveCfg = Release|Any CPU
		{634D7CA0-7D29-4D4A-9EEB-C79D03565A54}.Release|Any CPU.Build.0 = Release|Any CPU
		{F675C316-E1E8-4701-94AE-CD18BCEEC5E3}.Debug|Any CPU.ActiveCfg = Debug|Any CPU
		{F675C316-E1E8-4701-94AE-CD18BCEEC5E3}.Debug|Any CPU.Build.0 = Debug|Any CPU
		{F675C316-E1E8-4701-94AE-CD18BCEEC5E3}.Release|Any CPU.ActiveCfg = Release|Any CPU
		{F675C316-E1E8-4701-94AE-CD18BCEEC5E3}.Release|Any CPU.Build.0 = Release|Any CPU
	EndGlobalSection
	GlobalSection(SolutionProperties) = preSolution
		HideSolutionNode = FALSE
	EndGlobalSection
	GlobalSection(ExtensibilityGlobals) = postSolution
		SolutionGuid = {E479C6E7-D78A-424F-95CB-BB4A8F32051F}
	EndGlobalSection
EndGlobal
